
Microsoft Visual Studio Solution File, Format Version 12.00
# Visual Studio Version 17
VisualStudioVersion = 17.13.35931.197
MinimumVisualStudioVersion = 10.0.40219.1
Project("{2150E333-8FDC-42A3-9474-1A3956D46DE8}") = "src", "src", "{02EA681E-C7D8-13C7-8484-4AC65E1B71E8}"
EndProject
Project("{2150E333-8FDC-42A3-9474-1A3956D46DE8}") = "samples", "samples", "{DDCBBB2B-BD0A-4D2F-95E0-86FF875D77C5}"
EndProject
Project("{2150E333-8FDC-42A3-9474-1A3956D46DE8}") = "tests", "tests", "{77848C0B-F388-489F-B772-FD982081A609}"
EndProject
Project("{FAE04EC0-301F-11D3-BF4B-00C04F79EFBC}") = "Bee.Base", "src\Bee.Base\Bee.Base.csproj", "{E361F017-D922-07F0-2443-E3A5B48D7FD0}"
EndProject
Project("{FAE04EC0-301F-11D3-BF4B-00C04F79EFBC}") = "Bee.Define", "src\Bee.Define\Bee.Define.csproj", "{431419EE-8A08-3AB8-DC9F-BFB623352609}"
EndProject
Project("{FAE04EC0-301F-11D3-BF4B-00C04F79EFBC}") = "Bee.Cache", "src\Bee.Cache\Bee.Cache.csproj", "{B531770E-98BE-A0D6-D87B-3D8B14AFE5C5}"
EndProject
Project("{FAE04EC0-301F-11D3-BF4B-00C04F79EFBC}") = "Bee.Db", "src\Bee.Db\Bee.Db.csproj", "{2B7E1D3F-EB7B-5BBE-5BB0-089769DD6791}"
EndProject
Project("{FAE04EC0-301F-11D3-BF4B-00C04F79EFBC}") = "Bee.Business", "src\Bee.Business\Bee.Business.csproj", "{C5035B81-5416-54C1-2E23-D7A6EE58E569}"
EndProject
Project("{FAE04EC0-301F-11D3-BF4B-00C04F79EFBC}") = "Bee.Connect", "src\Bee.Connect\Bee.Connect.csproj", "{D61E1F52-3237-51BD-40A4-DF1EF0ADBABE}"
EndProject
Project("{FAE04EC0-301F-11D3-BF4B-00C04F79EFBC}") = "Bee.Base.UnitTests", "tests\Bee.Base.UnitTests\Bee.Base.UnitTests.csproj", "{82BF78D6-9535-C817-EE43-6B456CEBE002}"
EndProject
Project("{FAE04EC0-301F-11D3-BF4B-00C04F79EFBC}") = "Bee.Define.UnitTests", "tests\Bee.Define.UnitTests\Bee.Define.UnitTests.csproj", "{82CED0BE-547F-25DF-8B4A-D73F1099AA77}"
EndProject
Project("{FAE04EC0-301F-11D3-BF4B-00C04F79EFBC}") = "Bee.Db.UnitTests", "tests\Bee.Db.UnitTests\Bee.Db.UnitTests.csproj", "{A7AB2977-8EC1-16C0-376E-939762BFBE4D}"
EndProject
Project("{FAE04EC0-301F-11D3-BF4B-00C04F79EFBC}") = "Bee.Cache.UnitTests", "tests\Bee.Cache.UnitTests\Bee.Cache.UnitTests.csproj", "{5389F37D-4E76-49C7-83A2-3EA38E289436}"
EndProject
Project("{FAE04EC0-301F-11D3-BF4B-00C04F79EFBC}") = "Bee.Business.UnitTests", "tests\Bee.Business.UnitTests\Bee.Business.UnitTests.csproj", "{0B0BFB85-ECC4-4178-A827-366603660200}"
EndProject
Project("{FAE04EC0-301F-11D3-BF4B-00C04F79EFBC}") = "Bee.Connect.UnitTests", "tests\Bee.Connect.UnitTests\Bee.Connect.UnitTests.csproj", "{3FCC7F7E-A42C-43FA-A5B0-D42845BC4E99}"
EndProject
Project("{FAE04EC0-301F-11D3-BF4B-00C04F79EFBC}") = "Bee.Api.Core", "src\Bee.Api.Core\Bee.Api.Core.csproj", "{1D9CE53E-6621-40B9-9492-3A0918A666A5}"
EndProject
Project("{FAE04EC0-301F-11D3-BF4B-00C04F79EFBC}") = "Bee.Api.Core.UnitTests", "tests\Bee.Api.Core.UnitTests\Bee.Api.Core.UnitTests.csproj", "{33382730-49DC-4FFF-A56A-D90692D7BC2D}"
EndProject
Project("{FAE04EC0-301F-11D3-BF4B-00C04F79EFBC}") = "Bee.Api.AspNetCore", "src\Bee.Api.AspNetCore\Bee.Api.AspNetCore.csproj", "{55BC1562-6A32-4880-8C5D-5D7339A64BFE}"
EndProject
Project("{FAE04EC0-301F-11D3-BF4B-00C04F79EFBC}") = "Bee.Api.AspNetCore.UnitTests", "tests\Bee.Api.AspNetCore.UnitTests\Bee.Api.AspNetCore.UnitTests.csproj", "{499FB86D-643F-4142-8AD6-DD1EEF699B17}"
EndProject
Project("{FAE04EC0-301F-11D3-BF4B-00C04F79EFBC}") = "Bee.Api.AspNet", "src\Bee.Api.AspNet\Bee.Api.AspNet.csproj", "{EAAB09A8-8E49-4655-9F2D-976FCA1EF76D}"
EndProject
Project("{FAE04EC0-301F-11D3-BF4B-00C04F79EFBC}") = "JsonRpcSampleAspNet", "samples\JsonRpcSampleAspNet\JsonRpcSampleAspNet.csproj", "{CFF8C017-74EB-4840-BEEE-5009D895338C}"
EndProject
Project("{FAE04EC0-301F-11D3-BF4B-00C04F79EFBC}") = "JsonRpcSample", "samples\JsonRpcSample\JsonRpcSample.csproj", "{939C77AE-6421-3343-03A9-CD81B767E820}"
EndProject
Project("{FAE04EC0-301F-11D3-BF4B-00C04F79EFBC}") = "Bee.UI.Core", "src\Bee.UI.Core\Bee.UI.Core.csproj", "{869F6BE1-0A08-4E81-4379-F5C4F2DBBC04}"
EndProject
Project("{FAE04EC0-301F-11D3-BF4B-00C04F79EFBC}") = "Bee.UI.WinForms", "src\Bee.UI.WinForms\Bee.UI.WinForms.csproj", "{68490597-4DD5-3EEE-DB32-7188BDB70568}"
EndProject
Project("{2150E333-8FDC-42A3-9474-1A3956D46DE8}") = "tools", "tools", "{A7BD835F-6EE1-4575-AD25-F8205470AC4D}"
EndProject
Project("{FAE04EC0-301F-11D3-BF4B-00C04F79EFBC}") = "SettingsEditor", "tools\SettingsEditor\SettingsEditor.csproj", "{48C3066E-4723-F9A6-056D-45F1376215B7}"
EndProject
Project("{2150E333-8FDC-42A3-9474-1A3956D46DE8}") = "docs", "docs", "{96AF59F3-97B1-4651-A732-35090516D435}"
	ProjectSection(SolutionItems) = preProject
		README.md = README.md
	EndProjectSection
EndProject
Global
	GlobalSection(SolutionConfigurationPlatforms) = preSolution
		Debug|Any CPU = Debug|Any CPU
		Release|Any CPU = Release|Any CPU
	EndGlobalSection
	GlobalSection(ProjectConfigurationPlatforms) = postSolution
		{E361F017-D922-07F0-2443-E3A5B48D7FD0}.Debug|Any CPU.ActiveCfg = Debug|Any CPU
		{E361F017-D922-07F0-2443-E3A5B48D7FD0}.Debug|Any CPU.Build.0 = Debug|Any CPU
		{E361F017-D922-07F0-2443-E3A5B48D7FD0}.Release|Any CPU.ActiveCfg = Release|Any CPU
		{E361F017-D922-07F0-2443-E3A5B48D7FD0}.Release|Any CPU.Build.0 = Release|Any CPU
		{431419EE-8A08-3AB8-DC9F-BFB623352609}.Debug|Any CPU.ActiveCfg = Debug|Any CPU
		{431419EE-8A08-3AB8-DC9F-BFB623352609}.Debug|Any CPU.Build.0 = Debug|Any CPU
		{431419EE-8A08-3AB8-DC9F-BFB623352609}.Release|Any CPU.ActiveCfg = Release|Any CPU
		{431419EE-8A08-3AB8-DC9F-BFB623352609}.Release|Any CPU.Build.0 = Release|Any CPU
		{B531770E-98BE-A0D6-D87B-3D8B14AFE5C5}.Debug|Any CPU.ActiveCfg = Debug|Any CPU
		{B531770E-98BE-A0D6-D87B-3D8B14AFE5C5}.Debug|Any CPU.Build.0 = Debug|Any CPU
		{B531770E-98BE-A0D6-D87B-3D8B14AFE5C5}.Release|Any CPU.ActiveCfg = Release|Any CPU
		{B531770E-98BE-A0D6-D87B-3D8B14AFE5C5}.Release|Any CPU.Build.0 = Release|Any CPU
		{2B7E1D3F-EB7B-5BBE-5BB0-089769DD6791}.Debug|Any CPU.ActiveCfg = Debug|Any CPU
		{2B7E1D3F-EB7B-5BBE-5BB0-089769DD6791}.Debug|Any CPU.Build.0 = Debug|Any CPU
		{2B7E1D3F-EB7B-5BBE-5BB0-089769DD6791}.Release|Any CPU.ActiveCfg = Release|Any CPU
		{2B7E1D3F-EB7B-5BBE-5BB0-089769DD6791}.Release|Any CPU.Build.0 = Release|Any CPU
		{C5035B81-5416-54C1-2E23-D7A6EE58E569}.Debug|Any CPU.ActiveCfg = Debug|Any CPU
		{C5035B81-5416-54C1-2E23-D7A6EE58E569}.Debug|Any CPU.Build.0 = Debug|Any CPU
		{C5035B81-5416-54C1-2E23-D7A6EE58E569}.Release|Any CPU.ActiveCfg = Release|Any CPU
		{C5035B81-5416-54C1-2E23-D7A6EE58E569}.Release|Any CPU.Build.0 = Release|Any CPU
		{D61E1F52-3237-51BD-40A4-DF1EF0ADBABE}.Debug|Any CPU.ActiveCfg = Debug|Any CPU
		{D61E1F52-3237-51BD-40A4-DF1EF0ADBABE}.Debug|Any CPU.Build.0 = Debug|Any CPU
		{D61E1F52-3237-51BD-40A4-DF1EF0ADBABE}.Release|Any CPU.ActiveCfg = Release|Any CPU
		{D61E1F52-3237-51BD-40A4-DF1EF0ADBABE}.Release|Any CPU.Build.0 = Release|Any CPU
		{82BF78D6-9535-C817-EE43-6B456CEBE002}.Debug|Any CPU.ActiveCfg = Debug|Any CPU
		{82BF78D6-9535-C817-EE43-6B456CEBE002}.Debug|Any CPU.Build.0 = Debug|Any CPU
		{82BF78D6-9535-C817-EE43-6B456CEBE002}.Release|Any CPU.ActiveCfg = Release|Any CPU
		{82BF78D6-9535-C817-EE43-6B456CEBE002}.Release|Any CPU.Build.0 = Release|Any CPU
		{82CED0BE-547F-25DF-8B4A-D73F1099AA77}.Debug|Any CPU.ActiveCfg = Debug|Any CPU
		{82CED0BE-547F-25DF-8B4A-D73F1099AA77}.Debug|Any CPU.Build.0 = Debug|Any CPU
		{82CED0BE-547F-25DF-8B4A-D73F1099AA77}.Release|Any CPU.ActiveCfg = Release|Any CPU
		{82CED0BE-547F-25DF-8B4A-D73F1099AA77}.Release|Any CPU.Build.0 = Release|Any CPU
		{A7AB2977-8EC1-16C0-376E-939762BFBE4D}.Debug|Any CPU.ActiveCfg = Debug|Any CPU
		{A7AB2977-8EC1-16C0-376E-939762BFBE4D}.Debug|Any CPU.Build.0 = Debug|Any CPU
		{A7AB2977-8EC1-16C0-376E-939762BFBE4D}.Release|Any CPU.ActiveCfg = Release|Any CPU
		{A7AB2977-8EC1-16C0-376E-939762BFBE4D}.Release|Any CPU.Build.0 = Release|Any CPU
		{5389F37D-4E76-49C7-83A2-3EA38E289436}.Debug|Any CPU.ActiveCfg = Debug|Any CPU
		{5389F37D-4E76-49C7-83A2-3EA38E289436}.Debug|Any CPU.Build.0 = Debug|Any CPU
		{5389F37D-4E76-49C7-83A2-3EA38E289436}.Release|Any CPU.ActiveCfg = Release|Any CPU
		{5389F37D-4E76-49C7-83A2-3EA38E289436}.Release|Any CPU.Build.0 = Release|Any CPU
		{0B0BFB85-ECC4-4178-A827-366603660200}.Debug|Any CPU.ActiveCfg = Debug|Any CPU
		{0B0BFB85-ECC4-4178-A827-366603660200}.Debug|Any CPU.Build.0 = Debug|Any CPU
		{0B0BFB85-ECC4-4178-A827-366603660200}.Release|Any CPU.ActiveCfg = Release|Any CPU
		{0B0BFB85-ECC4-4178-A827-366603660200}.Release|Any CPU.Build.0 = Release|Any CPU
		{3FCC7F7E-A42C-43FA-A5B0-D42845BC4E99}.Debug|Any CPU.ActiveCfg = Debug|Any CPU
		{3FCC7F7E-A42C-43FA-A5B0-D42845BC4E99}.Debug|Any CPU.Build.0 = Debug|Any CPU
		{3FCC7F7E-A42C-43FA-A5B0-D42845BC4E99}.Release|Any CPU.ActiveCfg = Release|Any CPU
		{3FCC7F7E-A42C-43FA-A5B0-D42845BC4E99}.Release|Any CPU.Build.0 = Release|Any CPU
		{1D9CE53E-6621-40B9-9492-3A0918A666A5}.Debug|Any CPU.ActiveCfg = Debug|Any CPU
		{1D9CE53E-6621-40B9-9492-3A0918A666A5}.Debug|Any CPU.Build.0 = Debug|Any CPU
		{1D9CE53E-6621-40B9-9492-3A0918A666A5}.Release|Any CPU.ActiveCfg = Release|Any CPU
		{1D9CE53E-6621-40B9-9492-3A0918A666A5}.Release|Any CPU.Build.0 = Release|Any CPU
		{33382730-49DC-4FFF-A56A-D90692D7BC2D}.Debug|Any CPU.ActiveCfg = Debug|Any CPU
		{33382730-49DC-4FFF-A56A-D90692D7BC2D}.Debug|Any CPU.Build.0 = Debug|Any CPU
		{33382730-49DC-4FFF-A56A-D90692D7BC2D}.Release|Any CPU.ActiveCfg = Release|Any CPU
		{33382730-49DC-4FFF-A56A-D90692D7BC2D}.Release|Any CPU.Build.0 = Release|Any CPU
		{55BC1562-6A32-4880-8C5D-5D7339A64BFE}.Debug|Any CPU.ActiveCfg = Debug|Any CPU
		{55BC1562-6A32-4880-8C5D-5D7339A64BFE}.Debug|Any CPU.Build.0 = Debug|Any CPU
		{55BC1562-6A32-4880-8C5D-5D7339A64BFE}.Release|Any CPU.ActiveCfg = Release|Any CPU
		{55BC1562-6A32-4880-8C5D-5D7339A64BFE}.Release|Any CPU.Build.0 = Release|Any CPU
		{499FB86D-643F-4142-8AD6-DD1EEF699B17}.Debug|Any CPU.ActiveCfg = Debug|Any CPU
		{499FB86D-643F-4142-8AD6-DD1EEF699B17}.Debug|Any CPU.Build.0 = Debug|Any CPU
		{499FB86D-643F-4142-8AD6-DD1EEF699B17}.Release|Any CPU.ActiveCfg = Release|Any CPU
		{499FB86D-643F-4142-8AD6-DD1EEF699B17}.Release|Any CPU.Build.0 = Release|Any CPU
		{EAAB09A8-8E49-4655-9F2D-976FCA1EF76D}.Debug|Any CPU.ActiveCfg = Debug|Any CPU
		{EAAB09A8-8E49-4655-9F2D-976FCA1EF76D}.Debug|Any CPU.Build.0 = Debug|Any CPU
		{EAAB09A8-8E49-4655-9F2D-976FCA1EF76D}.Release|Any CPU.ActiveCfg = Release|Any CPU
		{EAAB09A8-8E49-4655-9F2D-976FCA1EF76D}.Release|Any CPU.Build.0 = Release|Any CPU
		{CFF8C017-74EB-4840-BEEE-5009D895338C}.Debug|Any CPU.ActiveCfg = Debug|Any CPU
		{CFF8C017-74EB-4840-BEEE-5009D895338C}.Debug|Any CPU.Build.0 = Debug|Any CPU
		{CFF8C017-74EB-4840-BEEE-5009D895338C}.Release|Any CPU.ActiveCfg = Release|Any CPU
		{CFF8C017-74EB-4840-BEEE-5009D895338C}.Release|Any CPU.Build.0 = Release|Any CPU
		{939C77AE-6421-3343-03A9-CD81B767E820}.Debug|Any CPU.ActiveCfg = Debug|Any CPU
		{939C77AE-6421-3343-03A9-CD81B767E820}.Debug|Any CPU.Build.0 = Debug|Any CPU
		{939C77AE-6421-3343-03A9-CD81B767E820}.Release|Any CPU.ActiveCfg = Release|Any CPU
		{939C77AE-6421-3343-03A9-CD81B767E820}.Release|Any CPU.Build.0 = Release|Any CPU
		{869F6BE1-0A08-4E81-4379-F5C4F2DBBC04}.Debug|Any CPU.ActiveCfg = Debug|Any CPU
		{869F6BE1-0A08-4E81-4379-F5C4F2DBBC04}.Debug|Any CPU.Build.0 = Debug|Any CPU
		{869F6BE1-0A08-4E81-4379-F5C4F2DBBC04}.Release|Any CPU.ActiveCfg = Release|Any CPU
		{869F6BE1-0A08-4E81-4379-F5C4F2DBBC04}.Release|Any CPU.Build.0 = Release|Any CPU
		{68490597-4DD5-3EEE-DB32-7188BDB70568}.Debug|Any CPU.ActiveCfg = Debug|Any CPU
		{68490597-4DD5-3EEE-DB32-7188BDB70568}.Debug|Any CPU.Build.0 = Debug|Any CPU
		{68490597-4DD5-3EEE-DB32-7188BDB70568}.Release|Any CPU.ActiveCfg = Release|Any CPU
		{68490597-4DD5-3EEE-DB32-7188BDB70568}.Release|Any CPU.Build.0 = Release|Any CPU
		{48C3066E-4723-F9A6-056D-45F1376215B7}.Debug|Any CPU.ActiveCfg = Debug|Any CPU
		{48C3066E-4723-F9A6-056D-45F1376215B7}.Debug|Any CPU.Build.0 = Debug|Any CPU
		{48C3066E-4723-F9A6-056D-45F1376215B7}.Release|Any CPU.ActiveCfg = Release|Any CPU
		{48C3066E-4723-F9A6-056D-45F1376215B7}.Release|Any CPU.Build.0 = Release|Any CPU
	EndGlobalSection
	GlobalSection(SolutionProperties) = preSolution
		HideSolutionNode = FALSE
	EndGlobalSection
	GlobalSection(NestedProjects) = preSolution
		{E361F017-D922-07F0-2443-E3A5B48D7FD0} = {02EA681E-C7D8-13C7-8484-4AC65E1B71E8}
		{431419EE-8A08-3AB8-DC9F-BFB623352609} = {02EA681E-C7D8-13C7-8484-4AC65E1B71E8}
		{B531770E-98BE-A0D6-D87B-3D8B14AFE5C5} = {02EA681E-C7D8-13C7-8484-4AC65E1B71E8}
		{2B7E1D3F-EB7B-5BBE-5BB0-089769DD6791} = {02EA681E-C7D8-13C7-8484-4AC65E1B71E8}
		{C5035B81-5416-54C1-2E23-D7A6EE58E569} = {02EA681E-C7D8-13C7-8484-4AC65E1B71E8}
		{D61E1F52-3237-51BD-40A4-DF1EF0ADBABE} = {02EA681E-C7D8-13C7-8484-4AC65E1B71E8}
		{82BF78D6-9535-C817-EE43-6B456CEBE002} = {77848C0B-F388-489F-B772-FD982081A609}
		{82CED0BE-547F-25DF-8B4A-D73F1099AA77} = {77848C0B-F388-489F-B772-FD982081A609}
		{A7AB2977-8EC1-16C0-376E-939762BFBE4D} = {77848C0B-F388-489F-B772-FD982081A609}
		{5389F37D-4E76-49C7-83A2-3EA38E289436} = {77848C0B-F388-489F-B772-FD982081A609}
		{0B0BFB85-ECC4-4178-A827-366603660200} = {77848C0B-F388-489F-B772-FD982081A609}
		{3FCC7F7E-A42C-43FA-A5B0-D42845BC4E99} = {77848C0B-F388-489F-B772-FD982081A609}
		{1D9CE53E-6621-40B9-9492-3A0918A666A5} = {02EA681E-C7D8-13C7-8484-4AC65E1B71E8}
		{33382730-49DC-4FFF-A56A-D90692D7BC2D} = {77848C0B-F388-489F-B772-FD982081A609}
		{55BC1562-6A32-4880-8C5D-5D7339A64BFE} = {02EA681E-C7D8-13C7-8484-4AC65E1B71E8}
		{499FB86D-643F-4142-8AD6-DD1EEF699B17} = {77848C0B-F388-489F-B772-FD982081A609}
		{EAAB09A8-8E49-4655-9F2D-976FCA1EF76D} = {02EA681E-C7D8-13C7-8484-4AC65E1B71E8}
		{CFF8C017-74EB-4840-BEEE-5009D895338C} = {DDCBBB2B-BD0A-4D2F-95E0-86FF875D77C5}
		{939C77AE-6421-3343-03A9-CD81B767E820} = {DDCBBB2B-BD0A-4D2F-95E0-86FF875D77C5}
		{869F6BE1-0A08-4E81-4379-F5C4F2DBBC04} = {02EA681E-C7D8-13C7-8484-4AC65E1B71E8}
		{68490597-4DD5-3EEE-DB32-7188BDB70568} = {02EA681E-C7D8-13C7-8484-4AC65E1B71E8}
		{48C3066E-4723-F9A6-056D-45F1376215B7} = {A7BD835F-6EE1-4575-AD25-F8205470AC4D}
	EndGlobalSection
	GlobalSection(ExtensibilityGlobals) = postSolution
		SolutionGuid = {CB7E07F2-83DF-4D84-82CE-C010B47BBCE6}
	EndGlobalSection
EndGlobal
